<?xml version="1.0" encoding="utf-8"?>
<Project ToolsVersion="4.0" xmlns="http://schemas.microsoft.com/developer/msbuild/2003">
  <ItemGroup>
    <CudaCompile Include="main.cpp" />
    <CudaCompile Include="Fish.cu">
      <Filter>Fish</Filter>
    </CudaCompile>
    <CudaCompile Include="CudaFish.cu">
      <Filter>Fish</Filter>
    </CudaCompile>
  </ItemGroup>
  <ItemGroup>
    <Filter Include="Fish">
      <UniqueIdentifier>{44f911e7-a3bd-4d92-80f0-2938bbe1b835}</UniqueIdentifier>
    </Filter>
    <Filter Include="View">
      <UniqueIdentifier>{6d07fd53-bff1-4e17-9011-542cbe3039d4}</UniqueIdentifier>
    </Filter>
    <Filter Include="Shader">
      <UniqueIdentifier>{edf88448-f5ea-4336-8e22-58e985d74511}</UniqueIdentifier>
    </Filter>
    <Filter Include="Configuration">
      <UniqueIdentifier>{249620db-0a3f-48b5-8521-14100cdca55c}</UniqueIdentifier>
    </Filter>
    <Filter Include="ImGui">
      <UniqueIdentifier>{10c051f0-e674-4f3d-bb17-639f038cd53a}</UniqueIdentifier>
    </Filter>
  </ItemGroup>
  <ItemGroup>
    <ClInclude Include="Fish.cuh">
      <Filter>Fish</Filter>
    </ClInclude>
    <ClInclude Include="Window.hpp">
      <Filter>View</Filter>
    </ClInclude>
    <ClInclude Include="glad.h" />
    <ClInclude Include="khrplatform.h" />
    <ClInclude Include="Shader.hpp">
      <Filter>Shader</Filter>
    </ClInclude>
    <ClInclude Include="CudaFish.cuh">
      <Filter>Fish</Filter>
    </ClInclude>
    <ClInclude Include="FishBase.cuh">
      <Filter>Fish</Filter>
    </ClInclude>
    <ClInclude Include="imgui\imgui.h">
      <Filter>ImGui</Filter>
    </ClInclude>
    <ClInclude Include="imgui\imgui_impl_glfw.h">
      <Filter>ImGui</Filter>
    </ClInclude>
    <ClInclude Include="imgui\imgui_impl_opengl3.h">
      <Filter>ImGui</Filter>
    </ClInclude>
    <ClInclude Include="imgui\imgui_impl_opengl3_loader.h">
      <Filter>ImGui</Filter>
    </ClInclude>
    <ClInclude Include="imgui\imgui_internal.h">
      <Filter>ImGui</Filter>
    </ClInclude>
    <ClInclude Include="imgui\imstb_rectpack.h">
      <Filter>ImGui</Filter>
    </ClInclude>
    <ClInclude Include="imgui\imstb_textedit.h">
      <Filter>ImGui</Filter>
    </ClInclude>
    <ClInclude Include="imgui\imstb_truetype.h">
      <Filter>ImGui</Filter>
    </ClInclude>
    <ClInclude Include="imgui\imconfig.h">
      <Filter>ImGui</Filter>
    </ClInclude>
  </ItemGroup>
  <ItemGroup>
    <ClCompile Include="Window.cpp">
      <Filter>View</Filter>
    </ClCompile>
    <ClCompile Include="glad.c" />
    <ClCompile Include="Shader.cpp">
      <Filter>Shader</Filter>
    </ClCompile>
    <ClCompile Include="imgui\imgui.cpp">
      <Filter>ImGui</Filter>
    </ClCompile>
    <ClCompile Include="imgui\imgui_demo.cpp">
      <Filter>ImGui</Filter>
    </ClCompile>
    <ClCompile Include="imgui\imgui_draw.cpp">
      <Filter>ImGui</Filter>
    </ClCompile>
    <ClCompile Include="imgui\imgui_impl_glfw.cpp">
      <Filter>ImGui</Filter>
    </ClCompile>
    <ClCompile Include="imgui\imgui_impl_opengl3.cpp">
      <Filter>ImGui</Filter>
    </ClCompile>
    <ClCompile Include="imgui\imgui_tables.cpp">
      <Filter>ImGui</Filter>
    </ClCompile>
    <ClCompile Include="imgui\imgui_widgets.cpp">
      <Filter>ImGui</Filter>
    </ClCompile>
  </ItemGroup>
  <ItemGroup>
    <None Include="fragment.glsl">
      <Filter>Shader</Filter>
    </None>
    <None Include="vertex.glsl">
      <Filter>Shader</Filter>
    </None>
    <None Include="geometry.glsl">
      <Filter>Shader</Filter>
    </None>
  </ItemGroup>
  <ItemGroup>
    <Text Include="CudaFish2.txt">
      <Filter>Configuration</Filter>
    </Text>
    <Text Include="CudaFish.txt">
      <Filter>Configuration</Filter>
    </Text>
    <Text Include="Fish.txt">
      <Filter>Configuration</Filter>
    </Text>
    <Text Include="Fish2.txt">
      <Filter>Configuration</Filter>
    </Text>
  </ItemGroup>
</Project>